{
  "requires": true,
  "lockfileVersion": 1,
  "dependencies": {
    "zingchart": {
      "version": "2.9.1",
      "resolved": "https://registry.npmjs.org/zingchart/-/zingchart-2.9.1.tgz",
      "integrity": "sha512-LYCiqkzdDn5OxPqShfvUNcTtXxVgZDVqEztGINBb0EA9a1b1TOrLbW/BdJPpeobBahXSxvHYLO6NV/Dbw309Vw=="
    }
  }
}
